<?xml version="1.0" encoding="utf-8"?>
<Project ToolsVersion="4.0" xmlns="http://schemas.microsoft.com/developer/msbuild/2003">
  <ItemGroup>
    <Filter Include="Source Files">
      <UniqueIdentifier>{4FC737F1-C7A5-4376-A066-2A32D752A2FF}</UniqueIdentifier>
      <Extensions>cpp;c;cc;cxx;c++;cppm;ixx;def;odl;idl;hpj;bat;asm;asmx</Extensions>
    </Filter>
    <Filter Include="Header Files">
      <UniqueIdentifier>{93995380-89BD-4b04-88EB-625FBE52EBFB}</UniqueIdentifier>
      <Extensions>h;hh;hpp;hxx;h++;hm;inl;inc;ipp;xsd</Extensions>
    </Filter>
    <Filter Include="Resource Files">
      <UniqueIdentifier>{67DA6AB6-F800-4c08-8B7A-83BB121AAD01}</UniqueIdentifier>
      <Extensions>rc;ico;cur;bmp;dlg;rc2;rct;bin;rgs;gif;jpg;jpeg;jpe;resx;tiff;tif;png;wav;mfcribbon-ms</Extensions>
    </Filter>
  </ItemGroup>
  <ItemGroup>
    <ClCompile Include="libraries\include\glad\glad.c">
      <Filter>Source Files</Filter>
    </ClCompile>
    <ClCompile Include="src\lights_test_OLD.cpp">
      <Filter>Source Files</Filter>
    </ClCompile>
    <ClCompile Include="libraries\include\sugar_renderer\VAO.cpp">
      <Filter>Source Files</Filter>
    </ClCompile>
    <ClCompile Include="libraries\include\sugar_renderer\VBO.cpp">
      <Filter>Source Files</Filter>
    </ClCompile>
    <ClCompile Include="libraries\include\sugar_renderer\EBO.cpp">
      <Filter>Source Files</Filter>
    </ClCompile>
    <ClCompile Include="libraries\include\sugar_renderer\shaderClass.cpp">
      <Filter>Source Files</Filter>
    </ClCompile>
    <ClCompile Include="libraries\include\sugar_renderer\texture.cpp">
      <Filter>Source Files</Filter>
    </ClCompile>
    <ClCompile Include="libraries\include\sugar_renderer\renderer.cpp">
      <Filter>Source Files</Filter>
    </ClCompile>
    <ClCompile Include="libraries\include\sugar_renderer\gameObject.cpp">
      <Filter>Source Files</Filter>
    </ClCompile>
    <ClCompile Include="libraries\include\stb\stb.cpp">
      <Filter>Source Files</Filter>
    </ClCompile>
    <ClCompile Include="src\boing.cpp">
      <Filter>Source Files</Filter>
    </ClCompile>
    <ClCompile Include="libraries\include\chocolate_engine\engine.cpp">
      <Filter>Source Files</Filter>
    </ClCompile>
    <ClCompile Include="libraries\include\chocolate_engine\logger.cpp">
      <Filter>Source Files</Filter>
    </ClCompile>
    <ClCompile Include="libraries\include\chocolate_engine\shaderConstructor.cpp">
      <Filter>Source Files</Filter>
    </ClCompile>
    <ClCompile Include="libraries\include\chocolate_engine\objectsManager.cpp">
      <Filter>Source Files</Filter>
    </ClCompile>
    <ClCompile Include="libraries\include\chocolate_engine\input.cpp">
      <Filter>Source Files</Filter>
    </ClCompile>
    <ClCompile Include="src\lights_test.cpp">
      <Filter>Source Files</Filter>
    </ClCompile>
    <ClCompile Include="src\main.cpp">
      <Filter>Source Files</Filter>
    </ClCompile>
    <ClCompile Include="libraries\include\sugar_renderer\particle.cpp">
      <Filter>Source Files</Filter>
    </ClCompile>
  </ItemGroup>
  <ItemGroup>
    <ClInclude Include="libraries\include\sugar_renderer\VAO.h">
      <Filter>Header Files</Filter>
    </ClInclude>
    <ClInclude Include="libraries\include\sugar_renderer\VBO.h">
      <Filter>Header Files</Filter>
    </ClInclude>
    <ClInclude Include="libraries\include\sugar_renderer\EBO.h">
      <Filter>Header Files</Filter>
    </ClInclude>
    <ClInclude Include="libraries\include\sugar_renderer\shaderClass.h">
      <Filter>Header Files</Filter>
    </ClInclude>
    <ClInclude Include="libraries\include\sugar_renderer\texture.h">
      <Filter>Header Files</Filter>
    </ClInclude>
    <ClInclude Include="libraries\include\sugar_renderer\renderer.h">
      <Filter>Header Files</Filter>
    </ClInclude>
    <ClInclude Include="libraries\include\sugar_renderer\gameObject.h">
      <Filter>Header Files</Filter>
    </ClInclude>
    <ClInclude Include="libraries\include\chocolate_engine\engine.h">
      <Filter>Header Files</Filter>
    </ClInclude>
    <ClInclude Include="libraries\include\chocolate_engine\logger.h">
      <Filter>Header Files</Filter>
    </ClInclude>
    <ClInclude Include="libraries\include\chocolate_engine\shaderConstructor.h">
      <Filter>Header Files</Filter>
    </ClInclude>
    <ClInclude Include="libraries\include\chocolate_engine\objectsManager.h">
      <Filter>Header Files</Filter>
    </ClInclude>
    <ClInclude Include="libraries\include\chocolate_engine\input.h">
      <Filter>Header Files</Filter>
    </ClInclude>
    <ClInclude Include="libraries\include\sugar_renderer\particle.h">
      <Filter>Header Files</Filter>
    </ClInclude>
  </ItemGroup>
  <ItemGroup>
    <None Include="ressources\shaders\color.frag" />
    <None Include="ressources\shaders\default.vert" />
    <None Include="ressources\shaders\litTexture.frag" />
    <None Include="ressources\shaders\UV.frag" />
    <None Include="ressources\shaders\windowCoord.frag" />
    <None Include="ressources\shaders\unlitTexture.frag" />
    <None Include="ressources\shaders\circle.frag" />
  </ItemGroup>
  <ItemGroup>
    <Image Include="ressources\textures\Donut.png">
      <Filter>Resource Files</Filter>
    </Image>
    <Image Include="ressources\textures\Donut normals.png">
      <Filter>Resource Files</Filter>
    </Image>
    <Image Include="ressources\textures\Donut unshaded.png">
      <Filter>Resource Files</Filter>
    </Image>
    <Image Include="ressources\textures\White texture.png">
      <Filter>Resource Files</Filter>
    </Image>
    <Image Include="ressources\textures\Normals test.png">
      <Filter>Resource Files</Filter>
    </Image>
  </ItemGroup>
  <ItemGroup>
    <Text Include="ressources\shaders\parts\litTextureShader1.txt" />
    <Text Include="ressources\shaders\parts\litTextureShader2.txt" />
  </ItemGroup>
</Project>